
Microsoft Visual Studio Solution File, Format Version 12.00
# Visual Studio Version 17
VisualStudioVersion = 17.8.34511.84
MinimumVisualStudioVersion = 10.0.40219.1
Project("{9A19103F-16F7-4668-BE54-9A1E7A4F7556}") = "MsalAuthInMauiBlazor", "MsalAuthInMauiBlazor.csproj", "{6B534A99-CC13-4315-9B13-8EB649A48F3D}"
EndProject
Global
	GlobalSection(SolutionConfigurationPlatforms) = preSolution
		Debug|Any CPU = Debug|Any CPU
		Release|Any CPU = Release|Any CPU
	EndGlobalSection
	GlobalSection(ProjectConfigurationPlatforms) = postSolution
		{6B534A99-CC13-4315-9B13-8EB649A48F3D}.Debug|Any CPU.ActiveCfg = Debug|Any CPU
		{6B534A99-CC13-4315-9B13-8EB649A48F3D}.Debug|Any CPU.Build.0 = Debug|Any CPU
		{6B534A99-CC13-4315-9B13-8EB649A48F3D}.Debug|Any CPU.Deploy.0 = Debug|Any CPU
		{6B534A99-CC13-4315-9B13-8EB649A48F3D}.Release|Any CPU.ActiveCfg = Release|Any CPU
		{6B534A99-CC13-4315-9B13-8EB649A48F3D}.Release|Any CPU.Build.0 = Release|Any CPU
		{6B534A99-CC13-4315-9B13-8EB649A48F3D}.Release|Any CPU.Deploy.0 = Release|Any CPU
	EndGlobalSection
	GlobalSection(SolutionProperties) = preSolution
		HideSolutionNode = FALSE
	EndGlobalSection
	GlobalSection(ExtensibilityGlobals) = postSolution
		SolutionGuid = {1EFE150C-42A1-4CC6-9C2C-9D698B57F3CA}
	EndGlobalSection
EndGlobal
