
Microsoft Visual Studio Solution File, Format Version 12.00
# Visual Studio Version 17
VisualStudioVersion = 17.2.32630.192
MinimumVisualStudioVersion = 10.0.40219.1
Project("{9A19103F-16F7-4668-BE54-9A1E7A4F7556}") = "Principal.Telemedicine.BaseApi", "Principal.Telemedicine.BaseApi\Principal.Telemedicine.BaseApi.csproj", "{A6AE70CD-D6FD-4627-97F5-46E97F7E7FCD}"
EndProject
Project("{9A19103F-16F7-4668-BE54-9A1E7A4F7556}") = "Principal.Telemedicine.WebApp", "Principal.Telemedicine.WebApp\Principal.Telemedicine.WebApp.csproj", "{7469822C-0F00-49C9-B55B-9359E3CBE1E1}"
EndProject
Project("{9A19103F-16F7-4668-BE54-9A1E7A4F7556}") = "Principal.Telemedicine.SharedApi", "Principal.Telemedicine.SharedApi\Principal.Telemedicine.SharedApi.csproj", "{826F5609-25F8-468D-881B-1AA80FAB8F73}"
EndProject
Project("{9A19103F-16F7-4668-BE54-9A1E7A4F7556}") = "Principal.Telemedicine.Shared", "Principal.Telemedicine.Shared\Principal.Telemedicine.Shared.csproj", "{3ECF516E-86C4-4790-962F-3B1CB58C559E}"
EndProject
Project("{9A19103F-16F7-4668-BE54-9A1E7A4F7556}") = "Principal.Telemedicine.DataConnectors", "Principal.Telemedicine.DataConnectors\Principal.Telemedicine.DataConnectors.csproj", "{8D406F76-A642-49C2-B467-833F15B710E0}"
EndProject
Project("{9A19103F-16F7-4668-BE54-9A1E7A4F7556}") = "Principal.Telemedicine.Shared.Logging", "Principal.Telemedicine.Shared.Logging\Principal.Telemedicine.Shared.Logging.csproj", "{FC8EAA85-42C9-4E49-BD87-82B114151BE5}"
EndProject
Project("{9A19103F-16F7-4668-BE54-9A1E7A4F7556}") = "Principal.Telemedicine.Shared.Logging.Test", "Principal.Telemedicine.Shared.Logging.Test\Principal.Telemedicine.Shared.Logging.Test.csproj", "{2FA6DDBE-722C-4AD4-B670-CA74FECA8380}"
EndProject
Project("{9A19103F-16F7-4668-BE54-9A1E7A4F7556}") = "Principal.Telemedicine.B2CApi", "Principal.Telemedicine.B2CApi\Principal.Telemedicine.B2CApi.csproj", "{F0246219-8820-4F43-8577-4F80E368E036}"
	ProjectSection(ProjectDependencies) = postProject
		{826F5609-25F8-468D-881B-1AA80FAB8F73} = {826F5609-25F8-468D-881B-1AA80FAB8F73}
	EndProjectSection
EndProject
Global
	GlobalSection(SolutionConfigurationPlatforms) = preSolution
		Debug|Any CPU = Debug|Any CPU
		Release|Any CPU = Release|Any CPU
	EndGlobalSection
	GlobalSection(ProjectConfigurationPlatforms) = postSolution
		{A6AE70CD-D6FD-4627-97F5-46E97F7E7FCD}.Debug|Any CPU.ActiveCfg = Debug|Any CPU
		{A6AE70CD-D6FD-4627-97F5-46E97F7E7FCD}.Debug|Any CPU.Build.0 = Debug|Any CPU
		{A6AE70CD-D6FD-4627-97F5-46E97F7E7FCD}.Release|Any CPU.ActiveCfg = Release|Any CPU
		{A6AE70CD-D6FD-4627-97F5-46E97F7E7FCD}.Release|Any CPU.Build.0 = Release|Any CPU
		{7469822C-0F00-49C9-B55B-9359E3CBE1E1}.Debug|Any CPU.ActiveCfg = Debug|Any CPU
		{7469822C-0F00-49C9-B55B-9359E3CBE1E1}.Debug|Any CPU.Build.0 = Debug|Any CPU
		{7469822C-0F00-49C9-B55B-9359E3CBE1E1}.Release|Any CPU.ActiveCfg = Release|Any CPU
		{7469822C-0F00-49C9-B55B-9359E3CBE1E1}.Release|Any CPU.Build.0 = Release|Any CPU
		{826F5609-25F8-468D-881B-1AA80FAB8F73}.Debug|Any CPU.ActiveCfg = Debug|Any CPU
		{826F5609-25F8-468D-881B-1AA80FAB8F73}.Debug|Any CPU.Build.0 = Debug|Any CPU
		{826F5609-25F8-468D-881B-1AA80FAB8F73}.Release|Any CPU.ActiveCfg = Release|Any CPU
		{826F5609-25F8-468D-881B-1AA80FAB8F73}.Release|Any CPU.Build.0 = Release|Any CPU
		{3ECF516E-86C4-4790-962F-3B1CB58C559E}.Debug|Any CPU.ActiveCfg = Debug|Any CPU
		{3ECF516E-86C4-4790-962F-3B1CB58C559E}.Debug|Any CPU.Build.0 = Debug|Any CPU
		{3ECF516E-86C4-4790-962F-3B1CB58C559E}.Release|Any CPU.ActiveCfg = Release|Any CPU
		{3ECF516E-86C4-4790-962F-3B1CB58C559E}.Release|Any CPU.Build.0 = Release|Any CPU
		{8D406F76-A642-49C2-B467-833F15B710E0}.Debug|Any CPU.ActiveCfg = Debug|Any CPU
		{8D406F76-A642-49C2-B467-833F15B710E0}.Debug|Any CPU.Build.0 = Debug|Any CPU
		{8D406F76-A642-49C2-B467-833F15B710E0}.Release|Any CPU.ActiveCfg = Release|Any CPU
		{8D406F76-A642-49C2-B467-833F15B710E0}.Release|Any CPU.Build.0 = Release|Any CPU
		{FC8EAA85-42C9-4E49-BD87-82B114151BE5}.Debug|Any CPU.ActiveCfg = Debug|Any CPU
		{FC8EAA85-42C9-4E49-BD87-82B114151BE5}.Debug|Any CPU.Build.0 = Debug|Any CPU
		{FC8EAA85-42C9-4E49-BD87-82B114151BE5}.Release|Any CPU.ActiveCfg = Release|Any CPU
		{FC8EAA85-42C9-4E49-BD87-82B114151BE5}.Release|Any CPU.Build.0 = Release|Any CPU
		{2FA6DDBE-722C-4AD4-B670-CA74FECA8380}.Debug|Any CPU.ActiveCfg = Debug|Any CPU
		{2FA6DDBE-722C-4AD4-B670-CA74FECA8380}.Debug|Any CPU.Build.0 = Debug|Any CPU
		{2FA6DDBE-722C-4AD4-B670-CA74FECA8380}.Release|Any CPU.ActiveCfg = Release|Any CPU
		{2FA6DDBE-722C-4AD4-B670-CA74FECA8380}.Release|Any CPU.Build.0 = Release|Any CPU
		{F0246219-8820-4F43-8577-4F80E368E036}.Debug|Any CPU.ActiveCfg = Debug|Any CPU
		{F0246219-8820-4F43-8577-4F80E368E036}.Debug|Any CPU.Build.0 = Debug|Any CPU
		{F0246219-8820-4F43-8577-4F80E368E036}.Release|Any CPU.ActiveCfg = Release|Any CPU
		{F0246219-8820-4F43-8577-4F80E368E036}.Release|Any CPU.Build.0 = Release|Any CPU
	EndGlobalSection
	GlobalSection(SolutionProperties) = preSolution
		HideSolutionNode = FALSE
	EndGlobalSection
	GlobalSection(ExtensibilityGlobals) = postSolution
		SolutionGuid = {F5F516D6-896C-44FA-A02E-D96212B32E65}
	EndGlobalSection
EndGlobal
