
Microsoft Visual Studio Solution File, Format Version 12.00
# Visual Studio Version 17
VisualStudioVersion = 17.2.32630.192
MinimumVisualStudioVersion = 10.0.40219.1
Project("{9A19103F-16F7-4668-BE54-9A1E7A4F7556}") = "Principal.Telemedicine.BaseApi", "Principal.Telemedicine.BaseApi\Principal.Telemedicine.BaseApi.csproj", "{A6AE70CD-D6FD-4627-97F5-46E97F7E7FCD}"
EndProject
Project("{9A19103F-16F7-4668-BE54-9A1E7A4F7556}") = "Principal.Telemedicine.WebApp", "Principal.Telemedicine.WebApp\Principal.Telemedicine.WebApp.csproj", "{7469822C-0F00-49C9-B55B-9359E3CBE1E1}"
EndProject
Project("{9A19103F-16F7-4668-BE54-9A1E7A4F7556}") = "Principal.Telemedicine.SharedApi", "Principal.Telemedicine.SharedApi\Principal.Telemedicine.SharedApi.csproj", "{826F5609-25F8-468D-881B-1AA80FAB8F73}"
EndProject
Project("{9A19103F-16F7-4668-BE54-9A1E7A4F7556}") = "Principal.Telemedicine.Shared", "Principal.Telemedicine.Shared\Principal.Telemedicine.Shared.csproj", "{3ECF516E-86C4-4790-962F-3B1CB58C559E}"
EndProject
Project("{9A19103F-16F7-4668-BE54-9A1E7A4F7556}") = "Principal.Telemedicine.DataConnectors", "Principal.Telemedicine.DataConnectors\Principal.Telemedicine.DataConnectors.csproj", "{8D406F76-A642-49C2-B467-833F15B710E0}"
EndProject
Project("{9A19103F-16F7-4668-BE54-9A1E7A4F7556}") = "Principal.Telemedicine.Shared.Logging", "Principal.Telemedicine.Shared.Logging\Principal.Telemedicine.Shared.Logging.csproj", "{FC8EAA85-42C9-4E49-BD87-82B114151BE5}"
EndProject
Project("{9A19103F-16F7-4668-BE54-9A1E7A4F7556}") = "Principal.Telemedicine.Shared.Logging.Test", "Principal.Telemedicine.Shared.Logging.Test\Principal.Telemedicine.Shared.Logging.Test.csproj", "{2FA6DDBE-722C-4AD4-B670-CA74FECA8380}"
EndProject
Project("{9A19103F-16F7-4668-BE54-9A1E7A4F7556}") = "Principal.Telemedicine.Shared.Configuration", "Principal.Telemedicine.Shared.Configuration\Principal.Telemedicine.Shared.Configuration.csproj", "{FF2AC56E-2358-4E64-A3B5-0D0637DA4C5B}"
EndProject
Project("{9A19103F-16F7-4668-BE54-9A1E7A4F7556}") = "Principal.Telemedicine.Shared.Configuration.Test", "Principal.Telemedicine.Shared.Configuration.Test\Principal.Telemedicine.Shared.Configuration.Test.csproj", "{8E32C05E-F9A2-42AF-BCCF-622522619234}"
EndProject
Project("{2150E333-8FDC-42A3-9474-1A3956D46DE8}") = "Configuration", "Configuration", "{AF4A9949-6A78-4412-BDB8-3478F6C5F132}"
EndProject
Project("{2150E333-8FDC-42A3-9474-1A3956D46DE8}") = "Logging", "Logging", "{830549AD-AF84-4641-939B-BCCD2CC0CA2C}"
EndProject
Project("{9A19103F-16F7-4668-BE54-9A1E7A4F7556}") = "Principal.Telemedicine.B2CApi", "Principal.Telemedicine.B2CApi\Principal.Telemedicine.B2CApi.csproj", "{5C6F5A57-F938-4E1B-9BBC-F3F8CB4E0F1D}"
EndProject
Project("{2150E333-8FDC-42A3-9474-1A3956D46DE8}") = ".azure", ".azure", "{8003CB93-C706-4C9F-BF74-3FECCC99C5B4}"
	ProjectSection(SolutionItems) = preProject
		.azure\azure-pipelines-configuration.yml = .azure\azure-pipelines-configuration.yml
		.azure\azure-pipelines-logging.yml = .azure\azure-pipelines-logging.yml
		.azure\azure-pipelines-sharedApi.yml = .azure\azure-pipelines-sharedApi.yml
	EndProjectSection
EndProject
Project("{9A19103F-16F7-4668-BE54-9A1E7A4F7556}") = "Principal.Telemedicine.SharedApi.Test", "Principal.Telemedicine.SharedApi.Test\Principal.Telemedicine.SharedApi.Test.csproj", "{03485160-B08E-47E6-AC9C-13FC00E81414}"
EndProject
Global
	GlobalSection(SolutionConfigurationPlatforms) = preSolution
		Debug|Any CPU = Debug|Any CPU
		Release|Any CPU = Release|Any CPU
	EndGlobalSection
	GlobalSection(ProjectConfigurationPlatforms) = postSolution
		{A6AE70CD-D6FD-4627-97F5-46E97F7E7FCD}.Debug|Any CPU.ActiveCfg = Debug|Any CPU
		{A6AE70CD-D6FD-4627-97F5-46E97F7E7FCD}.Debug|Any CPU.Build.0 = Debug|Any CPU
		{A6AE70CD-D6FD-4627-97F5-46E97F7E7FCD}.Release|Any CPU.ActiveCfg = Release|Any CPU
		{A6AE70CD-D6FD-4627-97F5-46E97F7E7FCD}.Release|Any CPU.Build.0 = Release|Any CPU
		{7469822C-0F00-49C9-B55B-9359E3CBE1E1}.Debug|Any CPU.ActiveCfg = Debug|Any CPU
		{7469822C-0F00-49C9-B55B-9359E3CBE1E1}.Debug|Any CPU.Build.0 = Debug|Any CPU
		{7469822C-0F00-49C9-B55B-9359E3CBE1E1}.Release|Any CPU.ActiveCfg = Release|Any CPU
		{7469822C-0F00-49C9-B55B-9359E3CBE1E1}.Release|Any CPU.Build.0 = Release|Any CPU
		{826F5609-25F8-468D-881B-1AA80FAB8F73}.Debug|Any CPU.ActiveCfg = Debug|Any CPU
		{826F5609-25F8-468D-881B-1AA80FAB8F73}.Debug|Any CPU.Build.0 = Debug|Any CPU
		{826F5609-25F8-468D-881B-1AA80FAB8F73}.Release|Any CPU.ActiveCfg = Release|Any CPU
		{826F5609-25F8-468D-881B-1AA80FAB8F73}.Release|Any CPU.Build.0 = Release|Any CPU
		{3ECF516E-86C4-4790-962F-3B1CB58C559E}.Debug|Any CPU.ActiveCfg = Debug|Any CPU
		{3ECF516E-86C4-4790-962F-3B1CB58C559E}.Debug|Any CPU.Build.0 = Debug|Any CPU
		{3ECF516E-86C4-4790-962F-3B1CB58C559E}.Release|Any CPU.ActiveCfg = Release|Any CPU
		{3ECF516E-86C4-4790-962F-3B1CB58C559E}.Release|Any CPU.Build.0 = Release|Any CPU
		{8D406F76-A642-49C2-B467-833F15B710E0}.Debug|Any CPU.ActiveCfg = Debug|Any CPU
		{8D406F76-A642-49C2-B467-833F15B710E0}.Debug|Any CPU.Build.0 = Debug|Any CPU
		{8D406F76-A642-49C2-B467-833F15B710E0}.Release|Any CPU.ActiveCfg = Release|Any CPU
		{8D406F76-A642-49C2-B467-833F15B710E0}.Release|Any CPU.Build.0 = Release|Any CPU
		{FC8EAA85-42C9-4E49-BD87-82B114151BE5}.Debug|Any CPU.ActiveCfg = Debug|Any CPU
		{FC8EAA85-42C9-4E49-BD87-82B114151BE5}.Debug|Any CPU.Build.0 = Debug|Any CPU
		{FC8EAA85-42C9-4E49-BD87-82B114151BE5}.Release|Any CPU.ActiveCfg = Release|Any CPU
		{FC8EAA85-42C9-4E49-BD87-82B114151BE5}.Release|Any CPU.Build.0 = Release|Any CPU
		{2FA6DDBE-722C-4AD4-B670-CA74FECA8380}.Debug|Any CPU.ActiveCfg = Debug|Any CPU
		{2FA6DDBE-722C-4AD4-B670-CA74FECA8380}.Debug|Any CPU.Build.0 = Debug|Any CPU
		{2FA6DDBE-722C-4AD4-B670-CA74FECA8380}.Release|Any CPU.ActiveCfg = Release|Any CPU
		{2FA6DDBE-722C-4AD4-B670-CA74FECA8380}.Release|Any CPU.Build.0 = Release|Any CPU
		{FF2AC56E-2358-4E64-A3B5-0D0637DA4C5B}.Debug|Any CPU.ActiveCfg = Debug|Any CPU
		{FF2AC56E-2358-4E64-A3B5-0D0637DA4C5B}.Debug|Any CPU.Build.0 = Debug|Any CPU
		{FF2AC56E-2358-4E64-A3B5-0D0637DA4C5B}.Release|Any CPU.ActiveCfg = Release|Any CPU
		{FF2AC56E-2358-4E64-A3B5-0D0637DA4C5B}.Release|Any CPU.Build.0 = Release|Any CPU
		{8E32C05E-F9A2-42AF-BCCF-622522619234}.Debug|Any CPU.ActiveCfg = Debug|Any CPU
		{8E32C05E-F9A2-42AF-BCCF-622522619234}.Debug|Any CPU.Build.0 = Debug|Any CPU
		{8E32C05E-F9A2-42AF-BCCF-622522619234}.Release|Any CPU.ActiveCfg = Release|Any CPU
		{8E32C05E-F9A2-42AF-BCCF-622522619234}.Release|Any CPU.Build.0 = Release|Any CPU
		{5C6F5A57-F938-4E1B-9BBC-F3F8CB4E0F1D}.Debug|Any CPU.ActiveCfg = Debug|Any CPU
		{5C6F5A57-F938-4E1B-9BBC-F3F8CB4E0F1D}.Debug|Any CPU.Build.0 = Debug|Any CPU
		{5C6F5A57-F938-4E1B-9BBC-F3F8CB4E0F1D}.Release|Any CPU.ActiveCfg = Release|Any CPU
		{5C6F5A57-F938-4E1B-9BBC-F3F8CB4E0F1D}.Release|Any CPU.Build.0 = Release|Any CPU
		{03485160-B08E-47E6-AC9C-13FC00E81414}.Debug|Any CPU.ActiveCfg = Debug|Any CPU
		{03485160-B08E-47E6-AC9C-13FC00E81414}.Debug|Any CPU.Build.0 = Debug|Any CPU
		{03485160-B08E-47E6-AC9C-13FC00E81414}.Release|Any CPU.ActiveCfg = Release|Any CPU
		{03485160-B08E-47E6-AC9C-13FC00E81414}.Release|Any CPU.Build.0 = Release|Any CPU
	EndGlobalSection
	GlobalSection(SolutionProperties) = preSolution
		HideSolutionNode = FALSE
	EndGlobalSection
	GlobalSection(NestedProjects) = preSolution
		{FC8EAA85-42C9-4E49-BD87-82B114151BE5} = {830549AD-AF84-4641-939B-BCCD2CC0CA2C}
		{2FA6DDBE-722C-4AD4-B670-CA74FECA8380} = {830549AD-AF84-4641-939B-BCCD2CC0CA2C}
		{FF2AC56E-2358-4E64-A3B5-0D0637DA4C5B} = {AF4A9949-6A78-4412-BDB8-3478F6C5F132}
		{8E32C05E-F9A2-42AF-BCCF-622522619234} = {AF4A9949-6A78-4412-BDB8-3478F6C5F132}
	EndGlobalSection
	GlobalSection(ExtensibilityGlobals) = postSolution
		SolutionGuid = {F5F516D6-896C-44FA-A02E-D96212B32E65}
	EndGlobalSection
EndGlobal
